
Microsoft Visual Studio Solution File, Format Version 12.00
# Visual Studio Version 17
VisualStudioVersion = 17.3.32825.248
MinimumVisualStudioVersion = 10.0.40219.1
Project("{9A19103F-16F7-4668-BE54-9A1E7A4F7556}") = "FinDox.Api", "FinDox.Api\FinDox.Api.csproj", "{E314AB17-EDF0-438C-845E-8B033EFDB1E8}"
EndProject
Project("{9A19103F-16F7-4668-BE54-9A1E7A4F7556}") = "FinDox.Domain", "FinDox.Domain\FinDox.Domain.csproj", "{3A5C2609-362B-47D8-9DDB-6CC77D272E5F}"
EndProject
Project("{9A19103F-16F7-4668-BE54-9A1E7A4F7556}") = "FinDox.Repository", "FinDox.Repository\FinDox.Repository.csproj", "{93A730F9-DD83-481B-994A-8B1DD8FCBE20}"
EndProject
Project("{9A19103F-16F7-4668-BE54-9A1E7A4F7556}") = "FinDox.Application", "FinDox.Application\FinDox.Application.csproj", "{73F4940A-BD10-4487-ADF2-ACFFE1A438F1}"
EndProject
Project("{2150E333-8FDC-42A3-9474-1A3956D46DE8}") = "src", "src", "{FA7E523A-AEA1-4CDB-A049-D3D92A88E10D}"
EndProject
Project("{9A19103F-16F7-4668-BE54-9A1E7A4F7556}") = "FinDox.UnitTests", "FinDox.UnitTests\FinDox.UnitTests.csproj", "{04803E55-1AC8-40E0-8F01-878774C3BE0D}"
EndProject
Project("{9A19103F-16F7-4668-BE54-9A1E7A4F7556}") = "FinDox.IntegrationTests", "FinDox.IntegrationTests\FinDox.IntegrationTests.csproj", "{3621F1FC-DF56-435C-8181-C42FC39E73EE}"
EndProject
Project("{2150E333-8FDC-42A3-9474-1A3956D46DE8}") = "tests", "tests", "{09DE969F-E6D6-456B-A13B-A5F2AA79B766}"
EndProject
Project("{2150E333-8FDC-42A3-9474-1A3956D46DE8}") = "scripts", "scripts", "{9BA829EC-56A5-4BD1-8431-CCA2B63285D2}"
	ProjectSection(SolutionItems) = preProject
		1_type_creation.sql = 1_type_creation.sql
		scripts\2_table_creation.sql = scripts\2_table_creation.sql
		scripts\3_sp_creation.sql = scripts\3_sp_creation.sql
	EndProjectSection
EndProject
Global
	GlobalSection(SolutionConfigurationPlatforms) = preSolution
		Debug|Any CPU = Debug|Any CPU
		Release|Any CPU = Release|Any CPU
	EndGlobalSection
	GlobalSection(ProjectConfigurationPlatforms) = postSolution
		{E314AB17-EDF0-438C-845E-8B033EFDB1E8}.Debug|Any CPU.ActiveCfg = Debug|Any CPU
		{E314AB17-EDF0-438C-845E-8B033EFDB1E8}.Debug|Any CPU.Build.0 = Debug|Any CPU
		{E314AB17-EDF0-438C-845E-8B033EFDB1E8}.Release|Any CPU.ActiveCfg = Release|Any CPU
		{E314AB17-EDF0-438C-845E-8B033EFDB1E8}.Release|Any CPU.Build.0 = Release|Any CPU
		{3A5C2609-362B-47D8-9DDB-6CC77D272E5F}.Debug|Any CPU.ActiveCfg = Debug|Any CPU
		{3A5C2609-362B-47D8-9DDB-6CC77D272E5F}.Debug|Any CPU.Build.0 = Debug|Any CPU
		{3A5C2609-362B-47D8-9DDB-6CC77D272E5F}.Release|Any CPU.ActiveCfg = Release|Any CPU
		{3A5C2609-362B-47D8-9DDB-6CC77D272E5F}.Release|Any CPU.Build.0 = Release|Any CPU
		{93A730F9-DD83-481B-994A-8B1DD8FCBE20}.Debug|Any CPU.ActiveCfg = Debug|Any CPU
		{93A730F9-DD83-481B-994A-8B1DD8FCBE20}.Debug|Any CPU.Build.0 = Debug|Any CPU
		{93A730F9-DD83-481B-994A-8B1DD8FCBE20}.Release|Any CPU.ActiveCfg = Release|Any CPU
		{93A730F9-DD83-481B-994A-8B1DD8FCBE20}.Release|Any CPU.Build.0 = Release|Any CPU
		{73F4940A-BD10-4487-ADF2-ACFFE1A438F1}.Debug|Any CPU.ActiveCfg = Debug|Any CPU
		{73F4940A-BD10-4487-ADF2-ACFFE1A438F1}.Debug|Any CPU.Build.0 = Debug|Any CPU
		{73F4940A-BD10-4487-ADF2-ACFFE1A438F1}.Release|Any CPU.ActiveCfg = Release|Any CPU
		{73F4940A-BD10-4487-ADF2-ACFFE1A438F1}.Release|Any CPU.Build.0 = Release|Any CPU
		{04803E55-1AC8-40E0-8F01-878774C3BE0D}.Debug|Any CPU.ActiveCfg = Debug|Any CPU
		{04803E55-1AC8-40E0-8F01-878774C3BE0D}.Debug|Any CPU.Build.0 = Debug|Any CPU
		{04803E55-1AC8-40E0-8F01-878774C3BE0D}.Release|Any CPU.ActiveCfg = Release|Any CPU
		{04803E55-1AC8-40E0-8F01-878774C3BE0D}.Release|Any CPU.Build.0 = Release|Any CPU
		{3621F1FC-DF56-435C-8181-C42FC39E73EE}.Debug|Any CPU.ActiveCfg = Debug|Any CPU
		{3621F1FC-DF56-435C-8181-C42FC39E73EE}.Debug|Any CPU.Build.0 = Debug|Any CPU
		{3621F1FC-DF56-435C-8181-C42FC39E73EE}.Release|Any CPU.ActiveCfg = Release|Any CPU
		{3621F1FC-DF56-435C-8181-C42FC39E73EE}.Release|Any CPU.Build.0 = Release|Any CPU
	EndGlobalSection
	GlobalSection(SolutionProperties) = preSolution
		HideSolutionNode = FALSE
	EndGlobalSection
	GlobalSection(NestedProjects) = preSolution
		{E314AB17-EDF0-438C-845E-8B033EFDB1E8} = {FA7E523A-AEA1-4CDB-A049-D3D92A88E10D}
		{3A5C2609-362B-47D8-9DDB-6CC77D272E5F} = {FA7E523A-AEA1-4CDB-A049-D3D92A88E10D}
		{93A730F9-DD83-481B-994A-8B1DD8FCBE20} = {FA7E523A-AEA1-4CDB-A049-D3D92A88E10D}
		{73F4940A-BD10-4487-ADF2-ACFFE1A438F1} = {FA7E523A-AEA1-4CDB-A049-D3D92A88E10D}
		{04803E55-1AC8-40E0-8F01-878774C3BE0D} = {09DE969F-E6D6-456B-A13B-A5F2AA79B766}
		{3621F1FC-DF56-435C-8181-C42FC39E73EE} = {09DE969F-E6D6-456B-A13B-A5F2AA79B766}
	EndGlobalSection
	GlobalSection(ExtensibilityGlobals) = postSolution
		SolutionGuid = {003761B3-CB5B-4F36-85B5-2F15F48C224F}
	EndGlobalSection
EndGlobal
